# THIS IS AN AUTOGENERATED FILE. DO NOT EDIT THIS FILE DIRECTLY.
# yarn lockfile v1


"@babel/code-frame@^7.0.0":
  version "7.14.5"
  resolved "https://registry.npmjs.org/@babel/code-frame/-/code-frame-7.14.5.tgz"
  dependencies:
    "@babel/highlight" "^7.14.5"

"@babel/helper-validator-identifier@^7.14.5":
  version "7.14.5"
  resolved "https://registry.npmjs.org/@babel/helper-validator-identifier/-/helper-validator-identifier-7.14.5.tgz"

"@babel/highlight@^7.14.5":
  version "7.14.5"
  resolved "https://registry.npmjs.org/@babel/highlight/-/highlight-7.14.5.tgz"
  dependencies:
    "@babel/helper-validator-identifier" "^7.14.5"
    chalk "^2.0.0"
    js-tokens "^4.0.0"

"@tootallnate/once@1":
  version "1.1.2"
  resolved "https://registry.npmjs.org/@tootallnate/once/-/once-1.1.2.tgz"

"@types/parse-json@^4.0.0":
  version "4.0.0"
  resolved "https://registry.npmjs.org/@types/parse-json/-/parse-json-4.0.0.tgz"

abab@^2.0.3, abab@^2.0.5:
  version "2.0.5"
  resolved "https://registry.npmjs.org/abab/-/abab-2.0.5.tgz"

acorn-globals@^6.0.0:
  version "6.0.0"
  resolved "https://registry.npmjs.org/acorn-globals/-/acorn-globals-6.0.0.tgz"
  dependencies:
    acorn "^7.1.1"
    acorn-walk "^7.1.1"

acorn-walk@^7.1.1:
  version "7.2.0"
  resolved "https://registry.npmjs.org/acorn-walk/-/acorn-walk-7.2.0.tgz"

acorn@^7.1.1:
  version "7.4.1"
  resolved "https://registry.npmjs.org/acorn/-/acorn-7.4.1.tgz"

acorn@^8.2.4:
  version "8.4.1"
  resolved "https://registry.npmjs.org/acorn/-/acorn-8.4.1.tgz"

agent-base@6:
  version "6.0.2"
  resolved "https://registry.npmjs.org/agent-base/-/agent-base-6.0.2.tgz"
  dependencies:
    debug "4"

ansi-styles@^3.2.1:
  version "3.2.1"
  resolved "https://registry.npmjs.org/ansi-styles/-/ansi-styles-3.2.1.tgz"
  dependencies:
    color-convert "^1.9.0"

ansi-styles@^4.1.0:
  version "4.3.0"
  resolved "https://registry.npmjs.org/ansi-styles/-/ansi-styles-4.3.0.tgz"
  dependencies:
    color-convert "^2.0.1"

app-root-path@^2.2.1:
  version "2.2.1"
  resolved "https://registry.npmjs.org/app-root-path/-/app-root-path-2.2.1.tgz"

asynckit@^0.4.0:
  version "0.4.0"
  resolved "https://registry.npmjs.org/asynckit/-/asynckit-0.4.0.tgz"

browser-process-hrtime@^1.0.0:
  version "1.0.0"
  resolved "https://registry.npmjs.org/browser-process-hrtime/-/browser-process-hrtime-1.0.0.tgz"

callsites@^3.0.0:
  version "3.1.0"
  resolved "https://registry.npmjs.org/callsites/-/callsites-3.1.0.tgz"

chalk@^2.0.0:
  version "2.4.2"
  resolved "https://registry.npmjs.org/chalk/-/chalk-2.4.2.tgz"
  dependencies:
    ansi-styles "^3.2.1"
    escape-string-regexp "^1.0.5"
    supports-color "^5.3.0"

chalk@^4.0.0:
  version "4.1.1"
  resolved "https://registry.npmjs.org/chalk/-/chalk-4.1.1.tgz"
  dependencies:
    ansi-styles "^4.1.0"
    supports-color "^7.1.0"

ci-info@^2.0.0:
  version "2.0.0"
  resolved "https://registry.npmjs.org/ci-info/-/ci-info-2.0.0.tgz"

color-convert@^1.9.0:
  version "1.9.3"
  resolved "https://registry.npmjs.org/color-convert/-/color-convert-1.9.3.tgz"
  dependencies:
    color-name "1.1.3"

color-convert@^2.0.1:
  version "2.0.1"
  resolved "https://registry.npmjs.org/color-convert/-/color-convert-2.0.1.tgz"
  dependencies:
    color-name "~1.1.4"

color-name@1.1.3:
  version "1.1.3"
  resolved "https://registry.npmjs.org/color-name/-/color-name-1.1.3.tgz"

color-name@~1.1.4:
  version "1.1.4"
  resolved "https://registry.npmjs.org/color-name/-/color-name-1.1.4.tgz"

combined-stream@^1.0.8:
  version "1.0.8"
  resolved "https://registry.npmjs.org/combined-stream/-/combined-stream-1.0.8.tgz"
  dependencies:
    delayed-stream "~1.0.0"

commander@^4.0.1:
  version "4.1.1"
  resolved "https://registry.npmjs.org/commander/-/commander-4.1.1.tgz"

compare-versions@^3.6.0:
  version "3.6.0"
  resolved "https://registry.npmjs.org/compare-versions/-/compare-versions-3.6.0.tgz"

cosmiconfig@^7.0.0:
  version "7.0.0"
  resolved "https://registry.npmjs.org/cosmiconfig/-/cosmiconfig-7.0.0.tgz"
  dependencies:
    "@types/parse-json" "^4.0.0"
    import-fresh "^3.2.1"
    parse-json "^5.0.0"
    path-type "^4.0.0"
    yaml "^1.10.0"

cssom@^0.4.4:
  version "0.4.4"
  resolved "https://registry.npmjs.org/cssom/-/cssom-0.4.4.tgz"

cssom@~0.3.6:
  version "0.3.8"
  resolved "https://registry.npmjs.org/cssom/-/cssom-0.3.8.tgz"

cssstyle@^2.3.0:
  version "2.3.0"
  resolved "https://registry.npmjs.org/cssstyle/-/cssstyle-2.3.0.tgz"
  dependencies:
    cssom "~0.3.6"

data-urls@^2.0.0:
  version "2.0.0"
  resolved "https://registry.npmjs.org/data-urls/-/data-urls-2.0.0.tgz"
  dependencies:
    abab "^2.0.3"
    whatwg-mimetype "^2.3.0"
    whatwg-url "^8.0.0"

debug@4, debug@^4.3.2:
  version "4.3.2"
  resolved "https://registry.npmjs.org/debug/-/debug-4.3.2.tgz"
  dependencies:
    ms "2.1.2"

decimal.js@^10.2.1:
  version "10.3.1"
  resolved "https://registry.npmjs.org/decimal.js/-/decimal.js-10.3.1.tgz"

deep-is@~0.1.3:
  version "0.1.3"
  resolved "https://registry.npmjs.org/deep-is/-/deep-is-0.1.3.tgz"

delayed-stream@~1.0.0:
  version "1.0.0"
  resolved "https://registry.npmjs.org/delayed-stream/-/delayed-stream-1.0.0.tgz"

domexception@^2.0.1:
  version "2.0.1"
  resolved "https://registry.npmjs.org/domexception/-/domexception-2.0.1.tgz"
  dependencies:
    webidl-conversions "^5.0.0"

easy-promise-queue@^0.5.4:
  version "0.5.7"
  resolved "https://registry.npmjs.org/easy-promise-queue/-/easy-promise-queue-0.5.7.tgz"

error-ex@^1.3.1:
  version "1.3.2"
  resolved "https://registry.npmjs.org/error-ex/-/error-ex-1.3.2.tgz"
  dependencies:
    is-arrayish "^0.2.1"

escape-string-regexp@^1.0.5:
  version "1.0.5"
  resolved "https://registry.npmjs.org/escape-string-regexp/-/escape-string-regexp-1.0.5.tgz"

escodegen@^2.0.0:
  version "2.0.0"
  resolved "https://registry.npmjs.org/escodegen/-/escodegen-2.0.0.tgz"
  dependencies:
    esprima "^4.0.1"
    estraverse "^5.2.0"
    esutils "^2.0.2"
    optionator "^0.8.1"
  optionalDependencies:
    source-map "~0.6.1"

esprima@^4.0.1:
  version "4.0.1"
  resolved "https://registry.npmjs.org/esprima/-/esprima-4.0.1.tgz"

estraverse@^5.2.0:
  version "5.2.0"
  resolved "https://registry.npmjs.org/estraverse/-/estraverse-5.2.0.tgz"

esutils@^2.0.2:
  version "2.0.3"
  resolved "https://registry.npmjs.org/esutils/-/esutils-2.0.3.tgz"

extend@^3.0.2:
  version "3.0.2"
  resolved "https://registry.npmjs.org/extend/-/extend-3.0.2.tgz"

fast-levenshtein@~2.0.6:
  version "2.0.6"
  resolved "https://registry.npmjs.org/fast-levenshtein/-/fast-levenshtein-2.0.6.tgz"

find-up@^5.0.0:
  version "5.0.0"
  resolved "https://registry.npmjs.org/find-up/-/find-up-5.0.0.tgz"
  dependencies:
    locate-path "^6.0.0"
    path-exists "^4.0.0"

find-versions@^4.0.0:
  version "4.0.0"
  resolved "https://registry.npmjs.org/find-versions/-/find-versions-4.0.0.tgz"
  dependencies:
    semver-regex "^3.1.2"

form-data@^3.0.0:
  version "3.0.1"
  resolved "https://registry.npmjs.org/form-data/-/form-data-3.0.1.tgz"
  dependencies:
    asynckit "^0.4.0"
    combined-stream "^1.0.8"
    mime-types "^2.1.12"

has-flag@^3.0.0:
  version "3.0.0"
  resolved "https://registry.npmjs.org/has-flag/-/has-flag-3.0.0.tgz"

has-flag@^4.0.0:
  version "4.0.0"
  resolved "https://registry.npmjs.org/has-flag/-/has-flag-4.0.0.tgz"

html-encoding-sniffer@^2.0.1:
  version "2.0.1"
  resolved "https://registry.npmjs.org/html-encoding-sniffer/-/html-encoding-sniffer-2.0.1.tgz"
  dependencies:
    whatwg-encoding "^1.0.5"

http-proxy-agent@^4.0.1:
  version "4.0.1"
  resolved "https://registry.npmjs.org/http-proxy-agent/-/http-proxy-agent-4.0.1.tgz"
  dependencies:
    "@tootallnate/once" "1"
    agent-base "6"
    debug "4"

https-proxy-agent@^5.0.0:
  version "5.0.0"
  resolved "https://registry.npmjs.org/https-proxy-agent/-/https-proxy-agent-5.0.0.tgz"
  dependencies:
    agent-base "6"
    debug "4"

husky@^4.2.3:
  version "4.3.8"
  resolved "https://registry.npmjs.org/husky/-/husky-4.3.8.tgz"
  dependencies:
    chalk "^4.0.0"
    ci-info "^2.0.0"
    compare-versions "^3.6.0"
    cosmiconfig "^7.0.0"
    find-versions "^4.0.0"
    opencollective-postinstall "^2.0.2"
    pkg-dir "^5.0.0"
    please-upgrade-node "^3.2.0"
    slash "^3.0.0"
    which-pm-runs "^1.0.0"

iconv-lite@0.4.24:
  version "0.4.24"
  resolved "https://registry.npmjs.org/iconv-lite/-/iconv-lite-0.4.24.tgz"
  dependencies:
    safer-buffer ">= 2.1.2 < 3"

import-fresh@^3.2.1:
  version "3.3.0"
  resolved "https://registry.npmjs.org/import-fresh/-/import-fresh-3.3.0.tgz"
  dependencies:
    parent-module "^1.0.0"
    resolve-from "^4.0.0"

is-arrayish@^0.2.1:
  version "0.2.1"
  resolved "https://registry.npmjs.org/is-arrayish/-/is-arrayish-0.2.1.tgz"

is-potential-custom-element-name@^1.0.1:
  version "1.0.1"
  resolved "https://registry.npmjs.org/is-potential-custom-element-name/-/is-potential-custom-element-name-1.0.1.tgz"

jquery@^3.4.1:
  version "3.6.0"
  resolved "https://registry.npmjs.org/jquery/-/jquery-3.6.0.tgz"

js-tokens@^4.0.0:
  version "4.0.0"
  resolved "https://registry.npmjs.org/js-tokens/-/js-tokens-4.0.0.tgz"

jsdom@^16.2.2:
  version "16.6.0"
  resolved "https://registry.npmjs.org/jsdom/-/jsdom-16.6.0.tgz"
  dependencies:
    abab "^2.0.5"
    acorn "^8.2.4"
    acorn-globals "^6.0.0"
    cssom "^0.4.4"
    cssstyle "^2.3.0"
    data-urls "^2.0.0"
    decimal.js "^10.2.1"
    domexception "^2.0.1"
    escodegen "^2.0.0"
    form-data "^3.0.0"
    html-encoding-sniffer "^2.0.1"
    http-proxy-agent "^4.0.1"
    https-proxy-agent "^5.0.0"
    is-potential-custom-element-name "^1.0.1"
    nwsapi "^2.2.0"
    parse5 "6.0.1"
    saxes "^5.0.1"
    symbol-tree "^3.2.4"
    tough-cookie "^4.0.0"
    w3c-hr-time "^1.0.2"
    w3c-xmlserializer "^2.0.0"
    webidl-conversions "^6.1.0"
    whatwg-encoding "^1.0.5"
    whatwg-mimetype "^2.3.0"
    whatwg-url "^8.5.0"
    ws "^7.4.5"
    xml-name-validator "^3.0.0"

json-parse-even-better-errors@^2.3.0:
  version "2.3.1"
  resolved "https://registry.npmjs.org/json-parse-even-better-errors/-/json-parse-even-better-errors-2.3.1.tgz"

levn@~0.3.0:
  version "0.3.0"
  resolved "https://registry.npmjs.org/levn/-/levn-0.3.0.tgz"
  dependencies:
    prelude-ls "~1.1.2"
    type-check "~0.3.2"

lines-and-columns@^1.1.6:
  version "1.1.6"
  resolved "https://registry.npmjs.org/lines-and-columns/-/lines-and-columns-1.1.6.tgz"

locate-path@^6.0.0:
  version "6.0.0"
  resolved "https://registry.npmjs.org/locate-path/-/locate-path-6.0.0.tgz"
  dependencies:
    p-locate "^5.0.0"

lodash@^4.7.0:
  version "4.17.21"
  resolved "https://registry.npmjs.org/lodash/-/lodash-4.17.21.tgz"

mime-db@1.48.0:
  version "1.48.0"
  resolved "https://registry.npmjs.org/mime-db/-/mime-db-1.48.0.tgz"

mime-types@^2.1.12:
  version "2.1.31"
  resolved "https://registry.npmjs.org/mime-types/-/mime-types-2.1.31.tgz"
  dependencies:
    mime-db "1.48.0"

minimist@^1.2.6:
  version "1.2.7"
  resolved "https://registry.npmjs.org/minimist/-/minimist-1.2.7.tgz"

moment@^2.29.4:
  version "2.29.4"
  resolved "https://registry.npmjs.org/moment/-/moment-2.29.4.tgz"

ms@2.1.2:
  version "2.1.2"
  resolved "https://registry.npmjs.org/ms/-/ms-2.1.2.tgz"

mvdan-sh@^0.5.0:
  version "0.5.0"
  resolved "https://registry.npmjs.org/mvdan-sh/-/mvdan-sh-0.5.0.tgz"

nodeproxy@^1.0.0:
  version "1.0.0"
  resolved "https://registry.npmjs.org/nodeproxy/-/nodeproxy-1.0.0.tgz"

nwsapi@^2.2.0:
  version "2.2.0"
  resolved "https://registry.npmjs.org/nwsapi/-/nwsapi-2.2.0.tgz"

opencollective-postinstall@^2.0.2:
  version "2.0.3"
  resolved "https://registry.npmjs.org/opencollective-postinstall/-/opencollective-postinstall-2.0.3.tgz"

optionator@^0.8.1:
  version "0.8.3"
  resolved "https://registry.npmjs.org/optionator/-/optionator-0.8.3.tgz"
  dependencies:
    deep-is "~0.1.3"
    fast-levenshtein "~2.0.6"
    levn "~0.3.0"
    prelude-ls "~1.1.2"
    type-check "~0.3.2"
    word-wrap "~1.2.3"

p-limit@^3.0.2:
  version "3.1.0"
  resolved "https://registry.npmjs.org/p-limit/-/p-limit-3.1.0.tgz"
  dependencies:
    yocto-queue "^0.1.0"

p-locate@^5.0.0:
  version "5.0.0"
  resolved "https://registry.npmjs.org/p-locate/-/p-locate-5.0.0.tgz"
  dependencies:
    p-limit "^3.0.2"

parent-module@^1.0.0:
  version "1.0.1"
  resolved "https://registry.npmjs.org/parent-module/-/parent-module-1.0.1.tgz"
  dependencies:
    callsites "^3.0.0"

parse-json@^5.0.0:
  version "5.2.0"
  resolved "https://registry.npmjs.org/parse-json/-/parse-json-5.2.0.tgz"
  dependencies:
    "@babel/code-frame" "^7.0.0"
    error-ex "^1.3.1"
    json-parse-even-better-errors "^2.3.0"
    lines-and-columns "^1.1.6"

parse5@6.0.1:
  version "6.0.1"
  resolved "https://registry.npmjs.org/parse5/-/parse5-6.0.1.tgz"

path-exists@^4.0.0:
  version "4.0.0"
  resolved "https://registry.npmjs.org/path-exists/-/path-exists-4.0.0.tgz"

path-type@^4.0.0:
  version "4.0.0"
  resolved "https://registry.npmjs.org/path-type/-/path-type-4.0.0.tgz"

pkg-dir@^5.0.0:
  version "5.0.0"
  resolved "https://registry.npmjs.org/pkg-dir/-/pkg-dir-5.0.0.tgz"
  dependencies:
    find-up "^5.0.0"

please-upgrade-node@^3.2.0:
  version "3.2.0"
  resolved "https://registry.npmjs.org/please-upgrade-node/-/please-upgrade-node-3.2.0.tgz"
  dependencies:
    semver-compare "^1.0.0"

prelude-ls@~1.1.2:
  version "1.1.2"
  resolved "https://registry.npmjs.org/prelude-ls/-/prelude-ls-1.1.2.tgz"

prettier-plugin-sh@^0.6.1:
  version "0.6.1"
  resolved "https://registry.npmjs.org/prettier-plugin-sh/-/prettier-plugin-sh-0.6.1.tgz"
  dependencies:
    mvdan-sh "^0.5.0"

prettier@^2.3.1:
  version "2.3.2"
  resolved "https://registry.npmjs.org/prettier/-/prettier-2.3.2.tgz"

promise-foreach@^1.0.23:
  version "1.0.23"
  resolved "https://registry.npmjs.org/promise-foreach/-/promise-foreach-1.0.23.tgz"

psl@^1.1.33:
  version "1.8.0"
  resolved "https://registry.npmjs.org/psl/-/psl-1.8.0.tgz"

punycode@^2.1.1:
  version "2.1.1"
  resolved "https://registry.npmjs.org/punycode/-/punycode-2.1.1.tgz"

resolve-from@^4.0.0:
  version "4.0.0"
  resolved "https://registry.npmjs.org/resolve-from/-/resolve-from-4.0.0.tgz"

run-script-os@^1.1.1:
  version "1.1.6"
  resolved "https://registry.npmjs.org/run-script-os/-/run-script-os-1.1.6.tgz"

"safer-buffer@>= 2.1.2 < 3":
  version "2.1.2"
  resolved "https://registry.npmjs.org/safer-buffer/-/safer-buffer-2.1.2.tgz"

saxes@^5.0.1:
  version "5.0.1"
  resolved "https://registry.npmjs.org/saxes/-/saxes-5.0.1.tgz"
  dependencies:
    xmlchars "^2.2.0"

semver-compare@^1.0.0:
  version "1.0.0"
  resolved "https://registry.npmjs.org/semver-compare/-/semver-compare-1.0.0.tgz"

semver-regex@^3.1.2:
  version "3.1.4"
  resolved "https://registry.yarnpkg.com/semver-regex/-/semver-regex-3.1.4.tgz#13053c0d4aa11d070a2f2872b6b1e3ae1e1971b4"

slash@^3.0.0:
  version "3.0.0"
  resolved "https://registry.npmjs.org/slash/-/slash-3.0.0.tgz"

source-map@~0.6.1:
  version "0.6.1"
  resolved "https://registry.npmjs.org/source-map/-/source-map-0.6.1.tgz"

sprintf-js@^1.1.2:
  version "1.1.2"
  resolved "https://registry.npmjs.org/sprintf-js/-/sprintf-js-1.1.2.tgz"

supports-color@^5.3.0:
  version "5.5.0"
  resolved "https://registry.npmjs.org/supports-color/-/supports-color-5.5.0.tgz"
  dependencies:
    has-flag "^3.0.0"

supports-color@^7.1.0:
  version "7.2.0"
  resolved "https://registry.npmjs.org/supports-color/-/supports-color-7.2.0.tgz"
  dependencies:
    has-flag "^4.0.0"

symbol-tree@^3.2.4:
  version "3.2.4"
  resolved "https://registry.npmjs.org/symbol-tree/-/symbol-tree-3.2.4.tgz"

tough-cookie@^4.0.0:
  version "4.0.0"
  resolved "https://registry.npmjs.org/tough-cookie/-/tough-cookie-4.0.0.tgz"
  dependencies:
    psl "^1.1.33"
    punycode "^2.1.1"
    universalify "^0.1.2"

tr46@^2.1.0:
  version "2.1.0"
  resolved "https://registry.npmjs.org/tr46/-/tr46-2.1.0.tgz"
  dependencies:
    punycode "^2.1.1"

type-check@~0.3.2:
  version "0.3.2"
  resolved "https://registry.npmjs.org/type-check/-/type-check-0.3.2.tgz"
  dependencies:
    prelude-ls "~1.1.2"

universalify@^0.1.2:
  version "0.1.2"
  resolved "https://registry.npmjs.org/universalify/-/universalify-0.1.2.tgz"

w3c-hr-time@^1.0.2:
  version "1.0.2"
  resolved "https://registry.npmjs.org/w3c-hr-time/-/w3c-hr-time-1.0.2.tgz"
  dependencies:
    browser-process-hrtime "^1.0.0"

w3c-xmlserializer@^2.0.0:
  version "2.0.0"
  resolved "https://registry.npmjs.org/w3c-xmlserializer/-/w3c-xmlserializer-2.0.0.tgz"
  dependencies:
    xml-name-validator "^3.0.0"

webidl-conversions@^5.0.0:
  version "5.0.0"
  resolved "https://registry.npmjs.org/webidl-conversions/-/webidl-conversions-5.0.0.tgz"

webidl-conversions@^6.1.0:
  version "6.1.0"
  resolved "https://registry.npmjs.org/webidl-conversions/-/webidl-conversions-6.1.0.tgz"

whatwg-encoding@^1.0.5:
  version "1.0.5"
  resolved "https://registry.npmjs.org/whatwg-encoding/-/whatwg-encoding-1.0.5.tgz"
  dependencies:
    iconv-lite "0.4.24"

whatwg-mimetype@^2.3.0:
  version "2.3.0"
  resolved "https://registry.npmjs.org/whatwg-mimetype/-/whatwg-mimetype-2.3.0.tgz"

whatwg-url@^8.0.0, whatwg-url@^8.5.0:
  version "8.7.0"
  resolved "https://registry.npmjs.org/whatwg-url/-/whatwg-url-8.7.0.tgz"
  dependencies:
    lodash "^4.7.0"
    tr46 "^2.1.0"
    webidl-conversions "^6.1.0"

which-pm-runs@^1.0.0:
  version "1.0.0"
  resolved "https://registry.npmjs.org/which-pm-runs/-/which-pm-runs-1.0.0.tgz"

word-wrap@~1.2.3:
  version "1.2.3"
  resolved "https://registry.npmjs.org/word-wrap/-/word-wrap-1.2.3.tgz"

ws@^7.4.5:
  version "7.5.3"
  resolved "https://registry.npmjs.org/ws/-/ws-7.5.3.tgz"

xml-name-validator@^3.0.0:
  version "3.0.0"
  resolved "https://registry.npmjs.org/xml-name-validator/-/xml-name-validator-3.0.0.tgz"

xmlchars@^2.2.0:
  version "2.2.0"
  resolved "https://registry.npmjs.org/xmlchars/-/xmlchars-2.2.0.tgz"

yaml@^1.10.0:
  version "1.10.2"
  resolved "https://registry.npmjs.org/yaml/-/yaml-1.10.2.tgz"

yocto-queue@^0.1.0:
  version "0.1.0"
  resolved "https://registry.npmjs.org/yocto-queue/-/yocto-queue-0.1.0.tgz"
